// !$*UTF8*$!
{
	archiveVersion = 1;
	classes = {
	};
	objectVersion = 56;
	objects = {

/* Begin PBXBuildFile section */
		FE0157A72C1F49A5007DCF4C /* AppDelegate.swift in Sources */ = {isa = PBXBuildFile; fileRef = FE0157A62C1F49A5007DCF4C /* AppDelegate.swift */; };
		FE0157A92C1F49A5007DCF4C /* SceneDelegate.swift in Sources */ = {isa = PBXBuildFile; fileRef = FE0157A82C1F49A5007DCF4C /* SceneDelegate.swift */; };
		FE0157AB2C1F49A5007DCF4C /* ViewController.swift in Sources */ = {isa = PBXBuildFile; fileRef = FE0157AA2C1F49A5007DCF4C /* ViewController.swift */; };
		FE0157AE2C1F49A5007DCF4C /* Main.storyboard in Resources */ = {isa = PBXBuildFile; fileRef = FE0157AC2C1F49A5007DCF4C /* Main.storyboard */; };
		FE0157B12C1F49A5007DCF4C /* ShoppingList.xcdatamodeld in Sources */ = {isa = PBXBuildFile; fileRef = FE0157AF2C1F49A5007DCF4C /* ShoppingList.xcdatamodeld */; };
		FE0157B32C1F49A6007DCF4C /* Assets.xcassets in Resources */ = {isa = PBXBuildFile; fileRef = FE0157B22C1F49A6007DCF4C /* Assets.xcassets */; };
		FE0157B62C1F49A6007DCF4C /* LaunchScreen.storyboard in Resources */ = {isa = PBXBuildFile; fileRef = FE0157B42C1F49A6007DCF4C /* LaunchScreen.storyboard */; };
		FE10BFC72C262261004B9283 /* ProductViewCell.swift in Sources */ = {isa = PBXBuildFile; fileRef = FE10BFC62C262261004B9283 /* ProductViewCell.swift */; };
		FE7DCE3B2C25BC5A008B7216 /* Item.swift in Sources */ = {isa = PBXBuildFile; fileRef = FE7DCE3A2C25BC5A008B7216 /* Item.swift */; };
		FE7DCE3F2C25C2D0008B7216 /* AddingItemController.swift in Sources */ = {isa = PBXBuildFile; fileRef = FE7DCE3E2C25C2D0008B7216 /* AddingItemController.swift */; };
		FE7DCE422C26041E008B7216 /* Enum.swift in Sources */ = {isa = PBXBuildFile; fileRef = FE7DCE412C26041E008B7216 /* Enum.swift */; };
/* End PBXBuildFile section */

/* Begin PBXFileReference section */
		FE0157A32C1F49A5007DCF4C /* ShoppingList.app */ = {isa = PBXFileReference; explicitFileType = wrapper.application; includeInIndex = 0; path = ShoppingList.app; sourceTree = BUILT_PRODUCTS_DIR; };
		FE0157A62C1F49A5007DCF4C /* AppDelegate.swift */ = {isa = PBXFileReference; lastKnownFileType = sourcecode.swift; path = AppDelegate.swift; sourceTree = "<group>"; };
		FE0157A82C1F49A5007DCF4C /* SceneDelegate.swift */ = {isa = PBXFileReference; lastKnownFileType = sourcecode.swift; path = SceneDelegate.swift; sourceTree = "<group>"; };
		FE0157AA2C1F49A5007DCF4C /* ViewController.swift */ = {isa = PBXFileReference; lastKnownFileType = sourcecode.swift; path = ViewController.swift; sourceTree = "<group>"; };
		FE0157AD2C1F49A5007DCF4C /* Base */ = {isa = PBXFileReference; lastKnownFileType = file.storyboard; name = Base; path = Base.lproj/Main.storyboard; sourceTree = "<group>"; };
		FE0157B02C1F49A5007DCF4C /* ShoppingList.xcdatamodel */ = {isa = PBXFileReference; lastKnownFileType = wrapper.xcdatamodel; path = ShoppingList.xcdatamodel; sourceTree = "<group>"; };
		FE0157B22C1F49A6007DCF4C /* Assets.xcassets */ = {isa = PBXFileReference; lastKnownFileType = folder.assetcatalog; path = Assets.xcassets; sourceTree = "<group>"; };
		FE0157B52C1F49A6007DCF4C /* Base */ = {isa = PBXFileReference; lastKnownFileType = file.storyboard; name = Base; path = Base.lproj/LaunchScreen.storyboard; sourceTree = "<group>"; };
		FE0157B72C1F49A6007DCF4C /* Info.plist */ = {isa = PBXFileReference; lastKnownFileType = text.plist.xml; path = Info.plist; sourceTree = "<group>"; };
		FE10BFC62C262261004B9283 /* ProductViewCell.swift */ = {isa = PBXFileReference; lastKnownFileType = sourcecode.swift; path = ProductViewCell.swift; sourceTree = "<group>"; };
		FE7DCE3A2C25BC5A008B7216 /* Item.swift */ = {isa = PBXFileReference; lastKnownFileType = sourcecode.swift; path = Item.swift; sourceTree = "<group>"; };
		FE7DCE3E2C25C2D0008B7216 /* AddingItemController.swift */ = {isa = PBXFileReference; lastKnownFileType = sourcecode.swift; path = AddingItemController.swift; sourceTree = "<group>"; };
		FE7DCE402C25E932008B7216 /* viewDidLayoutSubview.md */ = {isa = PBXFileReference; lastKnownFileType = net.daringfireball.markdown; path = viewDidLayoutSubview.md; sourceTree = "<group>"; };
		FE7DCE412C26041E008B7216 /* Enum.swift */ = {isa = PBXFileReference; lastKnownFileType = sourcecode.swift; path = Enum.swift; sourceTree = "<group>"; };
/* End PBXFileReference section */

/* Begin PBXFrameworksBuildPhase section */
		FE0157A02C1F49A5007DCF4C /* Frameworks */ = {
			isa = PBXFrameworksBuildPhase;
			buildActionMask = 2147483647;
			files = (
			);
			runOnlyForDeploymentPostprocessing = 0;
		};
/* End PBXFrameworksBuildPhase section */

/* Begin PBXGroup section */
		FE01579A2C1F49A5007DCF4C = {
			isa = PBXGroup;
			children = (
				FE0157A52C1F49A5007DCF4C /* ShoppingList */,
				FE0157A42C1F49A5007DCF4C /* Products */,
			);
			sourceTree = "<group>";
		};
		FE0157A42C1F49A5007DCF4C /* Products */ = {
			isa = PBXGroup;
			children = (
				FE0157A32C1F49A5007DCF4C /* ShoppingList.app */,
			);
			name = Products;
			sourceTree = "<group>";
		};
		FE0157A52C1F49A5007DCF4C /* ShoppingList */ = {
			isa = PBXGroup;
			children = (
				FE0157A62C1F49A5007DCF4C /* AppDelegate.swift */,
				FE0157A82C1F49A5007DCF4C /* SceneDelegate.swift */,
				FE0157AA2C1F49A5007DCF4C /* ViewController.swift */,
				FE0157AC2C1F49A5007DCF4C /* Main.storyboard */,
				FE0157B22C1F49A6007DCF4C /* Assets.xcassets */,
				FE0157B42C1F49A6007DCF4C /* LaunchScreen.storyboard */,
				FE0157B72C1F49A6007DCF4C /* Info.plist */,
				FE0157AF2C1F49A5007DCF4C /* ShoppingList.xcdatamodeld */,
				FE7DCE3A2C25BC5A008B7216 /* Item.swift */,
				FE7DCE3E2C25C2D0008B7216 /* AddingItemController.swift */,
				FE7DCE402C25E932008B7216 /* viewDidLayoutSubview.md */,
				FE7DCE412C26041E008B7216 /* Enum.swift */,
				FE10BFC62C262261004B9283 /* ProductViewCell.swift */,
			);
			path = ShoppingList;
			sourceTree = "<group>";
		};
/* End PBXGroup section */

/* Begin PBXNativeTarget section */
		FE0157A22C1F49A5007DCF4C /* ShoppingList */ = {
			isa = PBXNativeTarget;
			buildConfigurationList = FE0157BA2C1F49A6007DCF4C /* Build configuration list for PBXNativeTarget "ShoppingList" */;
			buildPhases = (
				FE01579F2C1F49A5007DCF4C /* Sources */,
				FE0157A02C1F49A5007DCF4C /* Frameworks */,
				FE0157A12C1F49A5007DCF4C /* Resources */,
			);
			buildRules = (
			);
			dependencies = (
			);
			name = ShoppingList;
			productName = ShoppingList;
			productReference = FE0157A32C1F49A5007DCF4C /* ShoppingList.app */;
			productType = "com.apple.product-type.application";
		};
/* End PBXNativeTarget section */

/* Begin PBXProject section */
		FE01579B2C1F49A5007DCF4C /* Project object */ = {
			isa = PBXProject;
			attributes = {
				BuildIndependentTargetsInParallel = 1;
				LastSwiftUpdateCheck = 1520;
				LastUpgradeCheck = 1520;
				TargetAttributes = {
					FE0157A22C1F49A5007DCF4C = {
						CreatedOnToolsVersion = 15.2;
					};
				};
			};
			buildConfigurationList = FE01579E2C1F49A5007DCF4C /* Build configuration list for PBXProject "ShoppingList" */;
			compatibilityVersion = "Xcode 14.0";
			developmentRegion = en;
			hasScannedForEncodings = 0;
			knownRegions = (
				en,
				Base,
			);
			mainGroup = FE01579A2C1F49A5007DCF4C;
			productRefGroup = FE0157A42C1F49A5007DCF4C /* Products */;
			projectDirPath = "";
			projectRoot = "";
			targets = (
				FE0157A22C1F49A5007DCF4C /* ShoppingList */,
			);
		};
/* End PBXProject section */

/* Begin PBXResourcesBuildPhase section */
		FE0157A12C1F49A5007DCF4C /* Resources */ = {
			isa = PBXResourcesBuildPhase;
			buildActionMask = 2147483647;
			files = (
				FE0157B62C1F49A6007DCF4C /* LaunchScreen.storyboard in Resources */,
				FE0157B32C1F49A6007DCF4C /* Assets.xcassets in Resources */,
				FE0157AE2C1F49A5007DCF4C /* Main.storyboard in Resources */,
			);
			runOnlyForDeploymentPostprocessing = 0;
		};
/* End PBXResourcesBuildPhase section */

/* Begin PBXSourcesBuildPhase section */
		FE01579F2C1F49A5007DCF4C /* Sources */ = {
			isa = PBXSourcesBuildPhase;
			buildActionMask = 2147483647;
			files = (
				FE7DCE3B2C25BC5A008B7216 /* Item.swift in Sources */,
				FE0157AB2C1F49A5007DCF4C /* ViewController.swift in Sources */,
				FE0157B12C1F49A5007DCF4C /* ShoppingList.xcdatamodeld in Sources */,
				FE7DCE3F2C25C2D0008B7216 /* AddingItemController.swift in Sources */,
				FE10BFC72C262261004B9283 /* ProductViewCell.swift in Sources */,
				FE7DCE422C26041E008B7216 /* Enum.swift in Sources */,
				FE0157A72C1F49A5007DCF4C /* AppDelegate.swift in Sources */,
				FE0157A92C1F49A5007DCF4C /* SceneDelegate.swift in Sources */,
			);
			runOnlyForDeploymentPostprocessing = 0;
		};
/* End PBXSourcesBuildPhase section */

/* Begin PBXVariantGroup section */
		FE0157AC2C1F49A5007DCF4C /* Main.storyboard */ = {
			isa = PBXVariantGroup;
			children = (
				FE0157AD2C1F49A5007DCF4C /* Base */,
			);
			name = Main.storyboard;
			sourceTree = "<group>";
		};
		FE0157B42C1F49A6007DCF4C /* LaunchScreen.storyboard */ = {
			isa = PBXVariantGroup;
			children = (
				FE0157B52C1F49A6007DCF4C /* Base */,
			);
			name = LaunchScreen.storyboard;
			sourceTree = "<group>";
		};
/* End PBXVariantGroup section */

/* Begin XCBuildConfiguration section */
		FE0157B82C1F49A6007DCF4C /* Debug */ = {
			isa = XCBuildConfiguration;
			buildSettings = {
				ALWAYS_SEARCH_USER_PATHS = NO;
				ASSETCATALOG_COMPILER_GENERATE_SWIFT_ASSET_SYMBOL_EXTENSIONS = YES;
				CLANG_ANALYZER_NONNULL = YES;
				CLANG_ANALYZER_NUMBER_OBJECT_CONVERSION = YES_AGGRESSIVE;
				CLANG_CXX_LANGUAGE_STANDARD = "gnu++20";
				CLANG_ENABLE_MODULES = YES;
				CLANG_ENABLE_OBJC_ARC = YES;
				CLANG_ENABLE_OBJC_WEAK = YES;
				CLANG_WARN_BLOCK_CAPTURE_AUTORELEASING = YES;
				CLANG_WARN_BOOL_CONVERSION = YES;
				CLANG_WARN_COMMA = YES;
				CLANG_WARN_CONSTANT_CONVERSION = YES;
				CLANG_WARN_DEPRECATED_OBJC_IMPLEMENTATIONS = YES;
				CLANG_WARN_DIRECT_OBJC_ISA_USAGE = YES_ERROR;
				CLANG_WARN_DOCUMENTATION_COMMENTS = YES;
				CLANG_WARN_EMPTY_BODY = YES;
				CLANG_WARN_ENUM_CONVERSION = YES;
				CLANG_WARN_INFINITE_RECURSION = YES;
				CLANG_WARN_INT_CONVERSION = YES;
				CLANG_WARN_NON_LITERAL_NULL_CONVERSION = YES;
				CLANG_WARN_OBJC_IMPLICIT_RETAIN_SELF = YES;
				CLANG_WARN_OBJC_LITERAL_CONVERSION = YES;
				CLANG_WARN_OBJC_ROOT_CLASS = YES_ERROR;
				CLANG_WARN_QUOTED_INCLUDE_IN_FRAMEWORK_HEADER = YES;
				CLANG_WARN_RANGE_LOOP_ANALYSIS = YES;
				CLANG_WARN_STRICT_PROTOTYPES = YES;
				CLANG_WARN_SUSPICIOUS_MOVE = YES;
				CLANG_WARN_UNGUARDED_AVAILABILITY = YES_AGGRESSIVE;
				CLANG_WARN_UNREACHABLE_CODE = YES;
				CLANG_WARN__DUPLICATE_METHOD_MATCH = YES;
				COPY_PHASE_STRIP = NO;
				DEBUG_INFORMATION_FORMAT = dwarf;
				ENABLE_STRICT_OBJC_MSGSEND = YES;
				ENABLE_TESTABILITY = YES;
				ENABLE_USER_SCRIPT_SANDBOXING = YES;
				GCC_C_LANGUAGE_STANDARD = gnu17;
				GCC_DYNAMIC_NO_PIC = NO;
				GCC_NO_COMMON_BLOCKS = YES;
				GCC_OPTIMIZATION_LEVEL = 0;
				GCC_PREPROCESSOR_DEFINITIONS = (
					"DEBUG=1",
					"$(inherited)",
				);
				GCC_WARN_64_TO_32_BIT_CONVERSION = YES;
				GCC_WARN_ABOUT_RETURN_TYPE = YES_ERROR;
				GCC_WARN_UNDECLARED_SELECTOR = YES;
				GCC_WARN_UNINITIALIZED_AUTOS = YES_AGGRESSIVE;
				GCC_WARN_UNUSED_FUNCTION = YES;
				GCC_WARN_UNUSED_VARIABLE = YES;
				IPHONEOS_DEPLOYMENT_TARGET = 17.2;
				LOCALIZATION_PREFERS_STRING_CATALOGS = YES;
				MTL_ENABLE_DEBUG_INFO = INCLUDE_SOURCE;
				MTL_FAST_MATH = YES;
				ONLY_ACTIVE_ARCH = YES;
				SDKROOT = iphoneos;
				SWIFT_ACTIVE_COMPILATION_CONDITIONS = "DEBUG $(inherited)";
				SWIFT_OPTIMIZATION_LEVEL = "-Onone";
			};
			name = Debug;
		};
		FE0157B92C1F49A6007DCF4C /* Release */ = {
			isa = XCBuildConfiguration;
			buildSettings = {
				ALWAYS_SEARCH_USER_PATHS = NO;
				ASSETCATALOG_COMPILER_GENERATE_SWIFT_ASSET_SYMBOL_EXTENSIONS = YES;
				CLANG_ANALYZER_NONNULL = YES;
				CLANG_ANALYZER_NUMBER_OBJECT_CONVERSION = YES_AGGRESSIVE;
				CLANG_CXX_LANGUAGE_STANDARD = "gnu++20";
				CLANG_ENABLE_MODULES = YES;
				CLANG_ENABLE_OBJC_ARC = YES;
				CLANG_ENABLE_OBJC_WEAK = YES;
				CLANG_WARN_BLOCK_CAPTURE_AUTORELEASING = YES;
				CLANG_WARN_BOOL_CONVERSION = YES;
				CLANG_WARN_COMMA = YES;
				CLANG_WARN_CONSTANT_CONVERSION = YES;
				CLANG_WARN_DEPRECATED_OBJC_IMPLEMENTATIONS = YES;
				CLANG_WARN_DIRECT_OBJC_ISA_USAGE = YES_ERROR;
				CLANG_WARN_DOCUMENTATION_COMMENTS = YES;
				CLANG_WARN_EMPTY_BODY = YES;
				CLANG_WARN_ENUM_CONVERSION = YES;
				CLANG_WARN_INFINITE_RECURSION = YES;
				CLANG_WARN_INT_CONVERSION = YES;
				CLANG_WARN_NON_LITERAL_NULL_CONVERSION = YES;
				CLANG_WARN_OBJC_IMPLICIT_RETAIN_SELF = YES;
				CLANG_WARN_OBJC_LITERAL_CONVERSION = YES;
				CLANG_WARN_OBJC_ROOT_CLASS = YES_ERROR;
				CLANG_WARN_QUOTED_INCLUDE_IN_FRAMEWORK_HEADER = YES;
				CLANG_WARN_RANGE_LOOP_ANALYSIS = YES;
				CLANG_WARN_STRICT_PROTOTYPES = YES;
				CLANG_WARN_SUSPICIOUS_MOVE = YES;
				CLANG_WARN_UNGUARDED_AVAILABILITY = YES_AGGRESSIVE;
				CLANG_WARN_UNREACHABLE_CODE = YES;
				CLANG_WARN__DUPLICATE_METHOD_MATCH = YES;
				COPY_PHASE_STRIP = NO;
				DEBUG_INFORMATION_FORMAT = "dwarf-with-dsym";
				ENABLE_NS_ASSERTIONS = NO;
				ENABLE_STRICT_OBJC_MSGSEND = YES;
				ENABLE_USER_SCRIPT_SANDBOXING = YES;
				GCC_C_LANGUAGE_STANDARD = gnu17;
				GCC_NO_COMMON_BLOCKS = YES;
				GCC_WARN_64_TO_32_BIT_CONVERSION = YES;
				GCC_WARN_ABOUT_RETURN_TYPE = YES_ERROR;
				GCC_WARN_UNDECLARED_SELECTOR = YES;
				GCC_WARN_UNINITIALIZED_AUTOS = YES_AGGRESSIVE;
				GCC_WARN_UNUSED_FUNCTION = YES;
				GCC_WARN_UNUSED_VARIABLE = YES;
				IPHONEOS_DEPLOYMENT_TARGET = 17.2;
				LOCALIZATION_PREFERS_STRING_CATALOGS = YES;
				MTL_ENABLE_DEBUG_INFO = NO;
				MTL_FAST_MATH = YES;
				SDKROOT = iphoneos;
				SWIFT_COMPILATION_MODE = wholemodule;
				VALIDATE_PRODUCT = YES;
			};
			name = Release;
		};
		FE0157BB2C1F49A6007DCF4C /* Debug */ = {
			isa = XCBuildConfiguration;
			buildSettings = {
				ASSETCATALOG_COMPILER_APPICON_NAME = AppIcon;
				ASSETCATALOG_COMPILER_GLOBAL_ACCENT_COLOR_NAME = AccentColor;
				CODE_SIGN_STYLE = Automatic;
				CURRENT_PROJECT_VERSION = 1;
				DEVELOPMENT_TEAM = RZG5C6GQ54;
				GENERATE_INFOPLIST_FILE = YES;
				INFOPLIST_FILE = ShoppingList/Info.plist;
				INFOPLIST_KEY_UIApplicationSupportsIndirectInputEvents = YES;
				INFOPLIST_KEY_UILaunchStoryboardName = LaunchScreen;
				INFOPLIST_KEY_UIMainStoryboardFile = Main;
				INFOPLIST_KEY_UISupportedInterfaceOrientations_iPad = "UIInterfaceOrientationPortrait UIInterfaceOrientationPortraitUpsideDown UIInterfaceOrientationLandscapeLeft UIInterfaceOrientationLandscapeRight";
				INFOPLIST_KEY_UISupportedInterfaceOrientations_iPhone = "UIInterfaceOrientationPortrait UIInterfaceOrientationLandscapeLeft UIInterfaceOrientationLandscapeRight";
				LD_RUNPATH_SEARCH_PATHS = (
					"$(inherited)",
					"@executable_path/Frameworks",
				);
				MARKETING_VERSION = 1.0;
				PRODUCT_BUNDLE_IDENTIFIER = info.ShoppingList;
				PRODUCT_NAME = "$(TARGET_NAME)";
				SWIFT_EMIT_LOC_STRINGS = YES;
				SWIFT_VERSION = 5.0;
				TARGETED_DEVICE_FAMILY = "1,2";
			};
			name = Debug;
		};
		FE0157BC2C1F49A6007DCF4C /* Release */ = {
			isa = XCBuildConfiguration;
			buildSettings = {
				ASSETCATALOG_COMPILER_APPICON_NAME = AppIcon;
				ASSETCATALOG_COMPILER_GLOBAL_ACCENT_COLOR_NAME = AccentColor;
				CODE_SIGN_STYLE = Automatic;
				CURRENT_PROJECT_VERSION = 1;
				DEVELOPMENT_TEAM = RZG5C6GQ54;
				GENERATE_INFOPLIST_FILE = YES;
				INFOPLIST_FILE = ShoppingList/Info.plist;
				INFOPLIST_KEY_UIApplicationSupportsIndirectInputEvents = YES;
				INFOPLIST_KEY_UILaunchStoryboardName = LaunchScreen;
				INFOPLIST_KEY_UIMainStoryboardFile = Main;
				INFOPLIST_KEY_UISupportedInterfaceOrientations_iPad = "UIInterfaceOrientationPortrait UIInterfaceOrientationPortraitUpsideDown UIInterfaceOrientationLandscapeLeft UIInterfaceOrientationLandscapeRight";
				INFOPLIST_KEY_UISupportedInterfaceOrientations_iPhone = "UIInterfaceOrientationPortrait UIInterfaceOrientationLandscapeLeft UIInterfaceOrientationLandscapeRight";
				LD_RUNPATH_SEARCH_PATHS = (
					"$(inherited)",
					"@executable_path/Frameworks",
				);
				MARKETING_VERSION = 1.0;
				PRODUCT_BUNDLE_IDENTIFIER = info.ShoppingList;
				PRODUCT_NAME = "$(TARGET_NAME)";
				SWIFT_EMIT_LOC_STRINGS = YES;
				SWIFT_VERSION = 5.0;
				TARGETED_DEVICE_FAMILY = "1,2";
			};
			name = Release;
		};
/* End XCBuildConfiguration section */

/* Begin XCConfigurationList section */
		FE01579E2C1F49A5007DCF4C /* Build configuration list for PBXProject "ShoppingList" */ = {
			isa = XCConfigurationList;
			buildConfigurations = (
				FE0157B82C1F49A6007DCF4C /* Debug */,
				FE0157B92C1F49A6007DCF4C /* Release */,
			);
			defaultConfigurationIsVisible = 0;
			defaultConfigurationName = Release;
		};
		FE0157BA2C1F49A6007DCF4C /* Build configuration list for PBXNativeTarget "ShoppingList" */ = {
			isa = XCConfigurationList;
			buildConfigurations = (
				FE0157BB2C1F49A6007DCF4C /* Debug */,
				FE0157BC2C1F49A6007DCF4C /* Release */,
			);
			defaultConfigurationIsVisible = 0;
			defaultConfigurationName = Release;
		};
/* End XCConfigurationList section */

/* Begin XCVersionGroup section */
		FE0157AF2C1F49A5007DCF4C /* ShoppingList.xcdatamodeld */ = {
			isa = XCVersionGroup;
			children = (
				FE0157B02C1F49A5007DCF4C /* ShoppingList.xcdatamodel */,
			);
			currentVersion = FE0157B02C1F49A5007DCF4C /* ShoppingList.xcdatamodel */;
			path = ShoppingList.xcdatamodeld;
			sourceTree = "<group>";
			versionGroupType = wrapper.xcdatamodel;
		};
/* End XCVersionGroup section */
	};
	rootObject = FE01579B2C1F49A5007DCF4C /* Project object */;
}
